
Microsoft Visual Studio Solution File, Format Version 12.00
# Visual Studio Version 16
VisualStudioVersion = 16.0.30611.23
MinimumVisualStudioVersion = 10.0.40219.1
Project("{FAE04EC0-301F-11D3-BF4B-00C04F79EFBC}") = "WpfApp6", "WpfApp6\WpfApp6.csproj", "{E16638B6-FB78-43CF-A805-31FE4E3FF316}"
EndProject
Global
	GlobalSection(SolutionConfigurationPlatforms) = preSolution
		Debug|Any CPU = Debug|Any CPU
		Release|Any CPU = Release|Any CPU
	EndGlobalSection
	GlobalSection(ProjectConfigurationPlatforms) = postSolution
		{E16638B6-FB78-43CF-A805-31FE4E3FF316}.Debug|Any CPU.ActiveCfg = Debug|Any CPU
		{E16638B6-FB78-43CF-A805-31FE4E3FF316}.Debug|Any CPU.Build.0 = Debug|Any CPU
		{E16638B6-FB78-43CF-A805-31FE4E3FF316}.Release|Any CPU.ActiveCfg = Release|Any CPU
		{E16638B6-FB78-43CF-A805-31FE4E3FF316}.Release|Any CPU.Build.0 = Release|Any CPU
	EndGlobalSection
	GlobalSection(SolutionProperties) = preSolution
		HideSolutionNode = FALSE
	EndGlobalSection
	GlobalSection(ExtensibilityGlobals) = postSolution
		SolutionGuid = {EB43BBD3-6273-4FE0-894C-A39F9D54D770}
	EndGlobalSection
EndGlobal
